// !$*UTF8*$!
{
	archiveVersion = 1;
	classes = {
	};
	objectVersion = 46;
	objects = {

/* Begin PBXBuildFile section */
		C93EC7E31C47803100F92AB1 /* main.m in Sources */ = {isa = PBXBuildFile; fileRef = C93EC7E21C47803100F92AB1 /* main.m */; };
		C93EC7E61C47803100F92AB1 /* AppDelegate.m in Sources */ = {isa = PBXBuildFile; fileRef = C93EC7E51C47803100F92AB1 /* AppDelegate.m */; };
		C93EC7EE1C47803100F92AB1 /* Assets.xcassets in Resources */ = {isa = PBXBuildFile; fileRef = C93EC7ED1C47803100F92AB1 /* Assets.xcassets */; };
		C93EC7F11C47803100F92AB1 /* LaunchScreen.storyboard in Resources */ = {isa = PBXBuildFile; fileRef = C93EC7EF1C47803100F92AB1 /* LaunchScreen.storyboard */; };
		C93EC7FA1C47805600F92AB1 /* MainViewController.m in Sources */ = {isa = PBXBuildFile; fileRef = C93EC7F91C47805600F92AB1 /* MainViewController.m */; };
		C93EC8221C47820400F92AB1 /* JUICyclesImageView.m in Sources */ = {isa = PBXBuildFile; fileRef = C93EC7FD1C47820400F92AB1 /* JUICyclesImageView.m */; };
		C93EC8231C47820400F92AB1 /* MKAnnotationView+WebCache.m in Sources */ = {isa = PBXBuildFile; fileRef = C93EC8001C47820400F92AB1 /* MKAnnotationView+WebCache.m */; };
		C93EC8241C47820400F92AB1 /* NSData+ImageContentType.m in Sources */ = {isa = PBXBuildFile; fileRef = C93EC8021C47820400F92AB1 /* NSData+ImageContentType.m */; };
		C93EC8251C47820400F92AB1 /* SDImageCache.m in Sources */ = {isa = PBXBuildFile; fileRef = C93EC8041C47820400F92AB1 /* SDImageCache.m */; };
		C93EC8261C47820400F92AB1 /* SDWebImageCompat.m in Sources */ = {isa = PBXBuildFile; fileRef = C93EC8061C47820400F92AB1 /* SDWebImageCompat.m */; };
		C93EC8271C47820400F92AB1 /* SDWebImageDecoder.m in Sources */ = {isa = PBXBuildFile; fileRef = C93EC8081C47820400F92AB1 /* SDWebImageDecoder.m */; };
		C93EC8281C47820400F92AB1 /* SDWebImageDownloader.m in Sources */ = {isa = PBXBuildFile; fileRef = C93EC80A1C47820400F92AB1 /* SDWebImageDownloader.m */; };
		C93EC8291C47820400F92AB1 /* SDWebImageDownloaderOperation.m in Sources */ = {isa = PBXBuildFile; fileRef = C93EC80C1C47820400F92AB1 /* SDWebImageDownloaderOperation.m */; };
		C93EC82A1C47820400F92AB1 /* SDWebImageManager.m in Sources */ = {isa = PBXBuildFile; fileRef = C93EC80E1C47820400F92AB1 /* SDWebImageManager.m */; };
		C93EC82B1C47820400F92AB1 /* SDWebImagePrefetcher.m in Sources */ = {isa = PBXBuildFile; fileRef = C93EC8111C47820400F92AB1 /* SDWebImagePrefetcher.m */; };
		C93EC82C1C47820400F92AB1 /* UIButton+WebCache.m in Sources */ = {isa = PBXBuildFile; fileRef = C93EC8131C47820400F92AB1 /* UIButton+WebCache.m */; };
		C93EC82D1C47820400F92AB1 /* UIImage+GIF.m in Sources */ = {isa = PBXBuildFile; fileRef = C93EC8151C47820400F92AB1 /* UIImage+GIF.m */; };
		C93EC82E1C47820400F92AB1 /* UIImage+MultiFormat.m in Sources */ = {isa = PBXBuildFile; fileRef = C93EC8171C47820400F92AB1 /* UIImage+MultiFormat.m */; };
		C93EC82F1C47820400F92AB1 /* UIImage+WebP.m in Sources */ = {isa = PBXBuildFile; fileRef = C93EC8191C47820400F92AB1 /* UIImage+WebP.m */; };
		C93EC8301C47820400F92AB1 /* UIImageView+HighlightedWebCache.m in Sources */ = {isa = PBXBuildFile; fileRef = C93EC81B1C47820400F92AB1 /* UIImageView+HighlightedWebCache.m */; };
		C93EC8311C47820400F92AB1 /* UIImageView+WebCache.m in Sources */ = {isa = PBXBuildFile; fileRef = C93EC81D1C47820400F92AB1 /* UIImageView+WebCache.m */; };
		C93EC8321C47820400F92AB1 /* UIView+WebCacheOperation.m in Sources */ = {isa = PBXBuildFile; fileRef = C93EC81F1C47820400F92AB1 /* UIView+WebCacheOperation.m */; };
		C93EC8331C47820400F92AB1 /* UIView+JUI.m in Sources */ = {isa = PBXBuildFile; fileRef = C93EC8211C47820400F92AB1 /* UIView+JUI.m */; };
/* End PBXBuildFile section */

/* Begin PBXFileReference section */
		C93EC7DE1C47803100F92AB1 /* JUICyclesImageViewSample.app */ = {isa = PBXFileReference; explicitFileType = wrapper.application; includeInIndex = 0; path = JUICyclesImageViewSample.app; sourceTree = BUILT_PRODUCTS_DIR; };
		C93EC7E21C47803100F92AB1 /* main.m */ = {isa = PBXFileReference; lastKnownFileType = sourcecode.c.objc; path = main.m; sourceTree = "<group>"; };
		C93EC7E41C47803100F92AB1 /* AppDelegate.h */ = {isa = PBXFileReference; lastKnownFileType = sourcecode.c.h; path = AppDelegate.h; sourceTree = "<group>"; };
		C93EC7E51C47803100F92AB1 /* AppDelegate.m */ = {isa = PBXFileReference; lastKnownFileType = sourcecode.c.objc; path = AppDelegate.m; sourceTree = "<group>"; };
		C93EC7ED1C47803100F92AB1 /* Assets.xcassets */ = {isa = PBXFileReference; lastKnownFileType = folder.assetcatalog; path = Assets.xcassets; sourceTree = "<group>"; };
		C93EC7F01C47803100F92AB1 /* Base */ = {isa = PBXFileReference; lastKnownFileType = file.storyboard; name = Base; path = Base.lproj/LaunchScreen.storyboard; sourceTree = "<group>"; };
		C93EC7F21C47803100F92AB1 /* Info.plist */ = {isa = PBXFileReference; lastKnownFileType = text.plist.xml; path = Info.plist; sourceTree = "<group>"; };
		C93EC7F81C47805600F92AB1 /* MainViewController.h */ = {isa = PBXFileReference; fileEncoding = 4; lastKnownFileType = sourcecode.c.h; path = MainViewController.h; sourceTree = "<group>"; };
		C93EC7F91C47805600F92AB1 /* MainViewController.m */ = {isa = PBXFileReference; fileEncoding = 4; lastKnownFileType = sourcecode.c.objc; path = MainViewController.m; sourceTree = "<group>"; };
		C93EC7FC1C47820400F92AB1 /* JUICyclesImageView.h */ = {isa = PBXFileReference; fileEncoding = 4; lastKnownFileType = sourcecode.c.h; path = JUICyclesImageView.h; sourceTree = "<group>"; };
		C93EC7FD1C47820400F92AB1 /* JUICyclesImageView.m */ = {isa = PBXFileReference; fileEncoding = 4; lastKnownFileType = sourcecode.c.objc; path = JUICyclesImageView.m; sourceTree = "<group>"; };
		C93EC7FF1C47820400F92AB1 /* MKAnnotationView+WebCache.h */ = {isa = PBXFileReference; fileEncoding = 4; lastKnownFileType = sourcecode.c.h; path = "MKAnnotationView+WebCache.h"; sourceTree = "<group>"; };
		C93EC8001C47820400F92AB1 /* MKAnnotationView+WebCache.m */ = {isa = PBXFileReference; fileEncoding = 4; lastKnownFileType = sourcecode.c.objc; path = "MKAnnotationView+WebCache.m"; sourceTree = "<group>"; };
		C93EC8011C47820400F92AB1 /* NSData+ImageContentType.h */ = {isa = PBXFileReference; fileEncoding = 4; lastKnownFileType = sourcecode.c.h; path = "NSData+ImageContentType.h"; sourceTree = "<group>"; };
		C93EC8021C47820400F92AB1 /* NSData+ImageContentType.m */ = {isa = PBXFileReference; fileEncoding = 4; lastKnownFileType = sourcecode.c.objc; path = "NSData+ImageContentType.m"; sourceTree = "<group>"; };
		C93EC8031C47820400F92AB1 /* SDImageCache.h */ = {isa = PBXFileReference; fileEncoding = 4; lastKnownFileType = sourcecode.c.h; path = SDImageCache.h; sourceTree = "<group>"; };
		C93EC8041C47820400F92AB1 /* SDImageCache.m */ = {isa = PBXFileReference; fileEncoding = 4; lastKnownFileType = sourcecode.c.objc; path = SDImageCache.m; sourceTree = "<group>"; };
		C93EC8051C47820400F92AB1 /* SDWebImageCompat.h */ = {isa = PBXFileReference; fileEncoding = 4; lastKnownFileType = sourcecode.c.h; path = SDWebImageCompat.h; sourceTree = "<group>"; };
		C93EC8061C47820400F92AB1 /* SDWebImageCompat.m */ = {isa = PBXFileReference; fileEncoding = 4; lastKnownFileType = sourcecode.c.objc; path = SDWebImageCompat.m; sourceTree = "<group>"; };
		C93EC8071C47820400F92AB1 /* SDWebImageDecoder.h */ = {isa = PBXFileReference; fileEncoding = 4; lastKnownFileType = sourcecode.c.h; path = SDWebImageDecoder.h; sourceTree = "<group>"; };
		C93EC8081C47820400F92AB1 /* SDWebImageDecoder.m */ = {isa = PBXFileReference; fileEncoding = 4; lastKnownFileType = sourcecode.c.objc; path = SDWebImageDecoder.m; sourceTree = "<group>"; };
		C93EC8091C47820400F92AB1 /* SDWebImageDownloader.h */ = {isa = PBXFileReference; fileEncoding = 4; lastKnownFileType = sourcecode.c.h; path = SDWebImageDownloader.h; sourceTree = "<group>"; };
		C93EC80A1C47820400F92AB1 /* SDWebImageDownloader.m */ = {isa = PBXFileReference; fileEncoding = 4; lastKnownFileType = sourcecode.c.objc; path = SDWebImageDownloader.m; sourceTree = "<group>"; };
		C93EC80B1C47820400F92AB1 /* SDWebImageDownloaderOperation.h */ = {isa = PBXFileReference; fileEncoding = 4; lastKnownFileType = sourcecode.c.h; path = SDWebImageDownloaderOperation.h; sourceTree = "<group>"; };
		C93EC80C1C47820400F92AB1 /* SDWebImageDownloaderOperation.m */ = {isa = PBXFileReference; fileEncoding = 4; lastKnownFileType = sourcecode.c.objc; path = SDWebImageDownloaderOperation.m; sourceTree = "<group>"; };
		C93EC80D1C47820400F92AB1 /* SDWebImageManager.h */ = {isa = PBXFileReference; fileEncoding = 4; lastKnownFileType = sourcecode.c.h; path = SDWebImageManager.h; sourceTree = "<group>"; };
		C93EC80E1C47820400F92AB1 /* SDWebImageManager.m */ = {isa = PBXFileReference; fileEncoding = 4; lastKnownFileType = sourcecode.c.objc; path = SDWebImageManager.m; sourceTree = "<group>"; };
		C93EC80F1C47820400F92AB1 /* SDWebImageOperation.h */ = {isa = PBXFileReference; fileEncoding = 4; lastKnownFileType = sourcecode.c.h; path = SDWebImageOperation.h; sourceTree = "<group>"; };
		C93EC8101C47820400F92AB1 /* SDWebImagePrefetcher.h */ = {isa = PBXFileReference; fileEncoding = 4; lastKnownFileType = sourcecode.c.h; path = SDWebImagePrefetcher.h; sourceTree = "<group>"; };
		C93EC8111C47820400F92AB1 /* SDWebImagePrefetcher.m */ = {isa = PBXFileReference; fileEncoding = 4; lastKnownFileType = sourcecode.c.objc; path = SDWebImagePrefetcher.m; sourceTree = "<group>"; };
		C93EC8121C47820400F92AB1 /* UIButton+WebCache.h */ = {isa = PBXFileReference; fileEncoding = 4; lastKnownFileType = sourcecode.c.h; path = "UIButton+WebCache.h"; sourceTree = "<group>"; };
		C93EC8131C47820400F92AB1 /* UIButton+WebCache.m */ = {isa = PBXFileReference; fileEncoding = 4; lastKnownFileType = sourcecode.c.objc; path = "UIButton+WebCache.m"; sourceTree = "<group>"; };
		C93EC8141C47820400F92AB1 /* UIImage+GIF.h */ = {isa = PBXFileReference; fileEncoding = 4; lastKnownFileType = sourcecode.c.h; path = "UIImage+GIF.h"; sourceTree = "<group>"; };
		C93EC8151C47820400F92AB1 /* UIImage+GIF.m */ = {isa = PBXFileReference; fileEncoding = 4; lastKnownFileType = sourcecode.c.objc; path = "UIImage+GIF.m"; sourceTree = "<group>"; };
		C93EC8161C47820400F92AB1 /* UIImage+MultiFormat.h */ = {isa = PBXFileReference; fileEncoding = 4; lastKnownFileType = sourcecode.c.h; path = "UIImage+MultiFormat.h"; sourceTree = "<group>"; };
		C93EC8171C47820400F92AB1 /* UIImage+MultiFormat.m */ = {isa = PBXFileReference; fileEncoding = 4; lastKnownFileType = sourcecode.c.objc; path = "UIImage+MultiFormat.m"; sourceTree = "<group>"; };
		C93EC8181C47820400F92AB1 /* UIImage+WebP.h */ = {isa = PBXFileReference; fileEncoding = 4; lastKnownFileType = sourcecode.c.h; path = "UIImage+WebP.h"; sourceTree = "<group>"; };
		C93EC8191C47820400F92AB1 /* UIImage+WebP.m */ = {isa = PBXFileReference; fileEncoding = 4; lastKnownFileType = sourcecode.c.objc; path = "UIImage+WebP.m"; sourceTree = "<group>"; };
		C93EC81A1C47820400F92AB1 /* UIImageView+HighlightedWebCache.h */ = {isa = PBXFileReference; fileEncoding = 4; lastKnownFileType = sourcecode.c.h; path = "UIImageView+HighlightedWebCache.h"; sourceTree = "<group>"; };
		C93EC81B1C47820400F92AB1 /* UIImageView+HighlightedWebCache.m */ = {isa = PBXFileReference; fileEncoding = 4; lastKnownFileType = sourcecode.c.objc; path = "UIImageView+HighlightedWebCache.m"; sourceTree = "<group>"; };
		C93EC81C1C47820400F92AB1 /* UIImageView+WebCache.h */ = {isa = PBXFileReference; fileEncoding = 4; lastKnownFileType = sourcecode.c.h; path = "UIImageView+WebCache.h"; sourceTree = "<group>"; };
		C93EC81D1C47820400F92AB1 /* UIImageView+WebCache.m */ = {isa = PBXFileReference; fileEncoding = 4; lastKnownFileType = sourcecode.c.objc; path = "UIImageView+WebCache.m"; sourceTree = "<group>"; };
		C93EC81E1C47820400F92AB1 /* UIView+WebCacheOperation.h */ = {isa = PBXFileReference; fileEncoding = 4; lastKnownFileType = sourcecode.c.h; path = "UIView+WebCacheOperation.h"; sourceTree = "<group>"; };
		C93EC81F1C47820400F92AB1 /* UIView+WebCacheOperation.m */ = {isa = PBXFileReference; fileEncoding = 4; lastKnownFileType = sourcecode.c.objc; path = "UIView+WebCacheOperation.m"; sourceTree = "<group>"; };
		C93EC8201C47820400F92AB1 /* UIView+JUI.h */ = {isa = PBXFileReference; fileEncoding = 4; lastKnownFileType = sourcecode.c.h; path = "UIView+JUI.h"; sourceTree = "<group>"; };
		C93EC8211C47820400F92AB1 /* UIView+JUI.m */ = {isa = PBXFileReference; fileEncoding = 4; lastKnownFileType = sourcecode.c.objc; path = "UIView+JUI.m"; sourceTree = "<group>"; };
/* End PBXFileReference section */

/* Begin PBXFrameworksBuildPhase section */
		C93EC7DB1C47803100F92AB1 /* Frameworks */ = {
			isa = PBXFrameworksBuildPhase;
			buildActionMask = 2147483647;
			files = (
			);
			runOnlyForDeploymentPostprocessing = 0;
		};
/* End PBXFrameworksBuildPhase section */

/* Begin PBXGroup section */
		C93EC7D51C47803100F92AB1 = {
			isa = PBXGroup;
			children = (
				C93EC7E01C47803100F92AB1 /* JUICyclesImageViewSample */,
				C93EC7DF1C47803100F92AB1 /* Products */,
			);
			sourceTree = "<group>";
		};
		C93EC7DF1C47803100F92AB1 /* Products */ = {
			isa = PBXGroup;
			children = (
				C93EC7DE1C47803100F92AB1 /* JUICyclesImageViewSample.app */,
			);
			name = Products;
			sourceTree = "<group>";
		};
		C93EC7E01C47803100F92AB1 /* JUICyclesImageViewSample */ = {
			isa = PBXGroup;
			children = (
				C93EC7FB1C47820400F92AB1 /* JUICyclesImageView */,
				C93EC7E41C47803100F92AB1 /* AppDelegate.h */,
				C93EC7E51C47803100F92AB1 /* AppDelegate.m */,
				C93EC7F81C47805600F92AB1 /* MainViewController.h */,
				C93EC7F91C47805600F92AB1 /* MainViewController.m */,
				C93EC7ED1C47803100F92AB1 /* Assets.xcassets */,
				C93EC7EF1C47803100F92AB1 /* LaunchScreen.storyboard */,
				C93EC7F21C47803100F92AB1 /* Info.plist */,
				C93EC7E11C47803100F92AB1 /* Supporting Files */,
			);
			path = JUICyclesImageViewSample;
			sourceTree = "<group>";
		};
		C93EC7E11C47803100F92AB1 /* Supporting Files */ = {
			isa = PBXGroup;
			children = (
				C93EC7E21C47803100F92AB1 /* main.m */,
			);
			name = "Supporting Files";
			sourceTree = "<group>";
		};
		C93EC7FB1C47820400F92AB1 /* JUICyclesImageView */ = {
			isa = PBXGroup;
			children = (
				C93EC7FE1C47820400F92AB1 /* SDWebImage */,
				C93EC7FC1C47820400F92AB1 /* JUICyclesImageView.h */,
				C93EC7FD1C47820400F92AB1 /* JUICyclesImageView.m */,
				C93EC8201C47820400F92AB1 /* UIView+JUI.h */,
				C93EC8211C47820400F92AB1 /* UIView+JUI.m */,
			);
			path = JUICyclesImageView;
			sourceTree = "<group>";
		};
		C93EC7FE1C47820400F92AB1 /* SDWebImage */ = {
			isa = PBXGroup;
			children = (
				C93EC7FF1C47820400F92AB1 /* MKAnnotationView+WebCache.h */,
				C93EC8001C47820400F92AB1 /* MKAnnotationView+WebCache.m */,
				C93EC8011C47820400F92AB1 /* NSData+ImageContentType.h */,
				C93EC8021C47820400F92AB1 /* NSData+ImageContentType.m */,
				C93EC8031C47820400F92AB1 /* SDImageCache.h */,
				C93EC8041C47820400F92AB1 /* SDImageCache.m */,
				C93EC8051C47820400F92AB1 /* SDWebImageCompat.h */,
				C93EC8061C47820400F92AB1 /* SDWebImageCompat.m */,
				C93EC8071C47820400F92AB1 /* SDWebImageDecoder.h */,
				C93EC8081C47820400F92AB1 /* SDWebImageDecoder.m */,
				C93EC8091C47820400F92AB1 /* SDWebImageDownloader.h */,
				C93EC80A1C47820400F92AB1 /* SDWebImageDownloader.m */,
				C93EC80B1C47820400F92AB1 /* SDWebImageDownloaderOperation.h */,
				C93EC80C1C47820400F92AB1 /* SDWebImageDownloaderOperation.m */,
				C93EC80D1C47820400F92AB1 /* SDWebImageManager.h */,
				C93EC80E1C47820400F92AB1 /* SDWebImageManager.m */,
				C93EC80F1C47820400F92AB1 /* SDWebImageOperation.h */,
				C93EC8101C47820400F92AB1 /* SDWebImagePrefetcher.h */,
				C93EC8111C47820400F92AB1 /* SDWebImagePrefetcher.m */,
				C93EC8121C47820400F92AB1 /* UIButton+WebCache.h */,
				C93EC8131C47820400F92AB1 /* UIButton+WebCache.m */,
				C93EC8141C47820400F92AB1 /* UIImage+GIF.h */,
				C93EC8151C47820400F92AB1 /* UIImage+GIF.m */,
				C93EC8161C47820400F92AB1 /* UIImage+MultiFormat.h */,
				C93EC8171C47820400F92AB1 /* UIImage+MultiFormat.m */,
				C93EC8181C47820400F92AB1 /* UIImage+WebP.h */,
				C93EC8191C47820400F92AB1 /* UIImage+WebP.m */,
				C93EC81A1C47820400F92AB1 /* UIImageView+HighlightedWebCache.h */,
				C93EC81B1C47820400F92AB1 /* UIImageView+HighlightedWebCache.m */,
				C93EC81C1C47820400F92AB1 /* UIImageView+WebCache.h */,
				C93EC81D1C47820400F92AB1 /* UIImageView+WebCache.m */,
				C93EC81E1C47820400F92AB1 /* UIView+WebCacheOperation.h */,
				C93EC81F1C47820400F92AB1 /* UIView+WebCacheOperation.m */,
			);
			path = SDWebImage;
			sourceTree = "<group>";
		};
/* End PBXGroup section */

/* Begin PBXNativeTarget section */
		C93EC7DD1C47803100F92AB1 /* JUICyclesImageViewSample */ = {
			isa = PBXNativeTarget;
			buildConfigurationList = C93EC7F51C47803100F92AB1 /* Build configuration list for PBXNativeTarget "JUICyclesImageViewSample" */;
			buildPhases = (
				C93EC7DA1C47803100F92AB1 /* Sources */,
				C93EC7DB1C47803100F92AB1 /* Frameworks */,
				C93EC7DC1C47803100F92AB1 /* Resources */,
			);
			buildRules = (
			);
			dependencies = (
			);
			name = JUICyclesImageViewSample;
			productName = JUICyclesImageViewSample;
			productReference = C93EC7DE1C47803100F92AB1 /* JUICyclesImageViewSample.app */;
			productType = "com.apple.product-type.application";
		};
/* End PBXNativeTarget section */

/* Begin PBXProject section */
		C93EC7D61C47803100F92AB1 /* Project object */ = {
			isa = PBXProject;
			attributes = {
				LastUpgradeCheck = 0720;
				ORGANIZATIONNAME = "梁晋杰";
				TargetAttributes = {
					C93EC7DD1C47803100F92AB1 = {
						CreatedOnToolsVersion = 7.2;
					};
				};
			};
			buildConfigurationList = C93EC7D91C47803100F92AB1 /* Build configuration list for PBXProject "JUICyclesImageViewSample" */;
			compatibilityVersion = "Xcode 3.2";
			developmentRegion = English;
			hasScannedForEncodings = 0;
			knownRegions = (
				en,
				Base,
			);
			mainGroup = C93EC7D51C47803100F92AB1;
			productRefGroup = C93EC7DF1C47803100F92AB1 /* Products */;
			projectDirPath = "";
			projectRoot = "";
			targets = (
				C93EC7DD1C47803100F92AB1 /* JUICyclesImageViewSample */,
			);
		};
/* End PBXProject section */

/* Begin PBXResourcesBuildPhase section */
		C93EC7DC1C47803100F92AB1 /* Resources */ = {
			isa = PBXResourcesBuildPhase;
			buildActionMask = 2147483647;
			files = (
				C93EC7F11C47803100F92AB1 /* LaunchScreen.storyboard in Resources */,
				C93EC7EE1C47803100F92AB1 /* Assets.xcassets in Resources */,
			);
			runOnlyForDeploymentPostprocessing = 0;
		};
/* End PBXResourcesBuildPhase section */

/* Begin PBXSourcesBuildPhase section */
		C93EC7DA1C47803100F92AB1 /* Sources */ = {
			isa = PBXSourcesBuildPhase;
			buildActionMask = 2147483647;
			files = (
				C93EC8301C47820400F92AB1 /* UIImageView+HighlightedWebCache.m in Sources */,
				C93EC82E1C47820400F92AB1 /* UIImage+MultiFormat.m in Sources */,
				C93EC8291C47820400F92AB1 /* SDWebImageDownloaderOperation.m in Sources */,
				C93EC8221C47820400F92AB1 /* JUICyclesImageView.m in Sources */,
				C93EC8331C47820400F92AB1 /* UIView+JUI.m in Sources */,
				C93EC8261C47820400F92AB1 /* SDWebImageCompat.m in Sources */,
				C93EC82D1C47820400F92AB1 /* UIImage+GIF.m in Sources */,
				C93EC82B1C47820400F92AB1 /* SDWebImagePrefetcher.m in Sources */,
				C93EC7E61C47803100F92AB1 /* AppDelegate.m in Sources */,
				C93EC7FA1C47805600F92AB1 /* MainViewController.m in Sources */,
				C93EC82F1C47820400F92AB1 /* UIImage+WebP.m in Sources */,
				C93EC8311C47820400F92AB1 /* UIImageView+WebCache.m in Sources */,
				C93EC8281C47820400F92AB1 /* SDWebImageDownloader.m in Sources */,
				C93EC8321C47820400F92AB1 /* UIView+WebCacheOperation.m in Sources */,
				C93EC82C1C47820400F92AB1 /* UIButton+WebCache.m in Sources */,
				C93EC8231C47820400F92AB1 /* MKAnnotationView+WebCache.m in Sources */,
				C93EC8241C47820400F92AB1 /* NSData+ImageContentType.m in Sources */,
				C93EC7E31C47803100F92AB1 /* main.m in Sources */,
				C93EC82A1C47820400F92AB1 /* SDWebImageManager.m in Sources */,
				C93EC8271C47820400F92AB1 /* SDWebImageDecoder.m in Sources */,
				C93EC8251C47820400F92AB1 /* SDImageCache.m in Sources */,
			);
			runOnlyForDeploymentPostprocessing = 0;
		};
/* End PBXSourcesBuildPhase section */

/* Begin PBXVariantGroup section */
		C93EC7EF1C47803100F92AB1 /* LaunchScreen.storyboard */ = {
			isa = PBXVariantGroup;
			children = (
				C93EC7F01C47803100F92AB1 /* Base */,
			);
			name = LaunchScreen.storyboard;
			sourceTree = "<group>";
		};
/* End PBXVariantGroup section */

/* Begin XCBuildConfiguration section */
		C93EC7F31C47803100F92AB1 /* Debug */ = {
			isa = XCBuildConfiguration;
			buildSettings = {
				ALWAYS_SEARCH_USER_PATHS = NO;
				CLANG_CXX_LANGUAGE_STANDARD = "gnu++0x";
				CLANG_CXX_LIBRARY = "libc++";
				CLANG_ENABLE_MODULES = YES;
				CLANG_ENABLE_OBJC_ARC = YES;
				CLANG_WARN_BOOL_CONVERSION = YES;
				CLANG_WARN_CONSTANT_CONVERSION = YES;
				CLANG_WARN_DIRECT_OBJC_ISA_USAGE = YES_ERROR;
				CLANG_WARN_EMPTY_BODY = YES;
				CLANG_WARN_ENUM_CONVERSION = YES;
				CLANG_WARN_INT_CONVERSION = YES;
				CLANG_WARN_OBJC_ROOT_CLASS = YES_ERROR;
				CLANG_WARN_UNREACHABLE_CODE = YES;
				CLANG_WARN__DUPLICATE_METHOD_MATCH = YES;
				"CODE_SIGN_IDENTITY[sdk=iphoneos*]" = "iPhone Developer";
				COPY_PHASE_STRIP = NO;
				DEBUG_INFORMATION_FORMAT = dwarf;
				ENABLE_STRICT_OBJC_MSGSEND = YES;
				ENABLE_TESTABILITY = YES;
				GCC_C_LANGUAGE_STANDARD = gnu99;
				GCC_DYNAMIC_NO_PIC = NO;
				GCC_NO_COMMON_BLOCKS = YES;
				GCC_OPTIMIZATION_LEVEL = 0;
				GCC_PREPROCESSOR_DEFINITIONS = (
					"DEBUG=1",
					"$(inherited)",
				);
				GCC_WARN_64_TO_32_BIT_CONVERSION = YES;
				GCC_WARN_ABOUT_RETURN_TYPE = YES_ERROR;
				GCC_WARN_UNDECLARED_SELECTOR = YES;
				GCC_WARN_UNINITIALIZED_AUTOS = YES_AGGRESSIVE;
				GCC_WARN_UNUSED_FUNCTION = YES;
				GCC_WARN_UNUSED_VARIABLE = YES;
				IPHONEOS_DEPLOYMENT_TARGET = 9.2;
				MTL_ENABLE_DEBUG_INFO = YES;
				ONLY_ACTIVE_ARCH = YES;
				SDKROOT = iphoneos;
			};
			name = Debug;
		};
		C93EC7F41C47803100F92AB1 /* Release */ = {
			isa = XCBuildConfiguration;
			buildSettings = {
				ALWAYS_SEARCH_USER_PATHS = NO;
				CLANG_CXX_LANGUAGE_STANDARD = "gnu++0x";
				CLANG_CXX_LIBRARY = "libc++";
				CLANG_ENABLE_MODULES = YES;
				CLANG_ENABLE_OBJC_ARC = YES;
				CLANG_WARN_BOOL_CONVERSION = YES;
				CLANG_WARN_CONSTANT_CONVERSION = YES;
				CLANG_WARN_DIRECT_OBJC_ISA_USAGE = YES_ERROR;
				CLANG_WARN_EMPTY_BODY = YES;
				CLANG_WARN_ENUM_CONVERSION = YES;
				CLANG_WARN_INT_CONVERSION = YES;
				CLANG_WARN_OBJC_ROOT_CLASS = YES_ERROR;
				CLANG_WARN_UNREACHABLE_CODE = YES;
				CLANG_WARN__DUPLICATE_METHOD_MATCH = YES;
				"CODE_SIGN_IDENTITY[sdk=iphoneos*]" = "iPhone Developer";
				COPY_PHASE_STRIP = NO;
				DEBUG_INFORMATION_FORMAT = "dwarf-with-dsym";
				ENABLE_NS_ASSERTIONS = NO;
				ENABLE_STRICT_OBJC_MSGSEND = YES;
				GCC_C_LANGUAGE_STANDARD = gnu99;
				GCC_NO_COMMON_BLOCKS = YES;
				GCC_WARN_64_TO_32_BIT_CONVERSION = YES;
				GCC_WARN_ABOUT_RETURN_TYPE = YES_ERROR;
				GCC_WARN_UNDECLARED_SELECTOR = YES;
				GCC_WARN_UNINITIALIZED_AUTOS = YES_AGGRESSIVE;
				GCC_WARN_UNUSED_FUNCTION = YES;
				GCC_WARN_UNUSED_VARIABLE = YES;
				IPHONEOS_DEPLOYMENT_TARGET = 9.2;
				MTL_ENABLE_DEBUG_INFO = NO;
				SDKROOT = iphoneos;
				VALIDATE_PRODUCT = YES;
			};
			name = Release;
		};
		C93EC7F61C47803100F92AB1 /* Debug */ = {
			isa = XCBuildConfiguration;
			buildSettings = {
				ASSETCATALOG_COMPILER_APPICON_NAME = AppIcon;
				INFOPLIST_FILE = JUICyclesImageViewSample/Info.plist;
				IPHONEOS_DEPLOYMENT_TARGET = 8.0;
				LD_RUNPATH_SEARCH_PATHS = "$(inherited) @executable_path/Frameworks";
				PRODUCT_BUNDLE_IDENTIFIER = ljj.JUICyclesImageViewSample;
				PRODUCT_NAME = "$(TARGET_NAME)";
			};
			name = Debug;
		};
		C93EC7F71C47803100F92AB1 /* Release */ = {
			isa = XCBuildConfiguration;
			buildSettings = {
				ASSETCATALOG_COMPILER_APPICON_NAME = AppIcon;
				INFOPLIST_FILE = JUICyclesImageViewSample/Info.plist;
				IPHONEOS_DEPLOYMENT_TARGET = 8.0;
				LD_RUNPATH_SEARCH_PATHS = "$(inherited) @executable_path/Frameworks";
				PRODUCT_BUNDLE_IDENTIFIER = ljj.JUICyclesImageViewSample;
				PRODUCT_NAME = "$(TARGET_NAME)";
			};
			name = Release;
		};
/* End XCBuildConfiguration section */

/* Begin XCConfigurationList section */
		C93EC7D91C47803100F92AB1 /* Build configuration list for PBXProject "JUICyclesImageViewSample" */ = {
			isa = XCConfigurationList;
			buildConfigurations = (
				C93EC7F31C47803100F92AB1 /* Debug */,
				C93EC7F41C47803100F92AB1 /* Release */,
			);
			defaultConfigurationIsVisible = 0;
			defaultConfigurationName = Release;
		};
		C93EC7F51C47803100F92AB1 /* Build configuration list for PBXNativeTarget "JUICyclesImageViewSample" */ = {
			isa = XCConfigurationList;
			buildConfigurations = (
				C93EC7F61C47803100F92AB1 /* Debug */,
				C93EC7F71C47803100F92AB1 /* Release */,
			);
			defaultConfigurationIsVisible = 0;
		};
/* End XCConfigurationList section */
	};
	rootObject = C93EC7D61C47803100F92AB1 /* Project object */;
}
